
Microsoft Visual Studio Solution File, Format Version 12.00
# Visual Studio Version 17
VisualStudioVersion = 17.10.34928.147
MinimumVisualStudioVersion = 10.0.40219.1
Project("{FAE04EC0-301F-11D3-BF4B-00C04F79EFBC}") = "ornek", "ornek\ornek.csproj", "{AC768198-60EE-4C35-84BA-BE5E3ABA7F4E}"
EndProject
Global
	GlobalSection(SolutionConfigurationPlatforms) = preSolution
		Debug|Any CPU = Debug|Any CPU
		Release|Any CPU = Release|Any CPU
	EndGlobalSection
	GlobalSection(ProjectConfigurationPlatforms) = postSolution
		{AC768198-60EE-4C35-84BA-BE5E3ABA7F4E}.Debug|Any CPU.ActiveCfg = Debug|Any CPU
		{AC768198-60EE-4C35-84BA-BE5E3ABA7F4E}.Debug|Any CPU.Build.0 = Debug|Any CPU
		{AC768198-60EE-4C35-84BA-BE5E3ABA7F4E}.Release|Any CPU.ActiveCfg = Release|Any CPU
		{AC768198-60EE-4C35-84BA-BE5E3ABA7F4E}.Release|Any CPU.Build.0 = Release|Any CPU
	EndGlobalSection
	GlobalSection(SolutionProperties) = preSolution
		HideSolutionNode = FALSE
	EndGlobalSection
	GlobalSection(ExtensibilityGlobals) = postSolution
		SolutionGuid = {997282CC-F3BC-402C-A2AF-C4F831BE44A0}
	EndGlobalSection
EndGlobal
